
Microsoft Visual Studio Solution File, Format Version 12.00
# Visual Studio Version 17
VisualStudioVersion = 17.14.36616.10
MinimumVisualStudioVersion = 10.0.40219.1
Project("{FAE04EC0-301F-11D3-BF4B-00C04F79EFBC}") = "Tyuiu.BalinVV.Sprint1.Task0.V27.Test", "Tyuiu.BalinVV.Sprint1.Task0.V27.Test\Tyuiu.BalinVV.Sprint1.Task0.V27.Test.csproj", "{6432AEF7-A048-40F2-94BD-05BC42582D15}"
EndProject
Project("{FAE04EC0-301F-11D3-BF4B-00C04F79EFBC}") = "Tyuiu.BalinVV.Sprint1.Task0.V27", "Tyuiu.BalinVV.Sprint1.Task0.V27\Tyuiu.BalinVV.Sprint1.Task0.V27.csproj", "{669239BB-293E-4CC0-AD3A-F3A196EA20C8}"
EndProject
Project("{FAE04EC0-301F-11D3-BF4B-00C04F79EFBC}") = "Tyuiu.BalinVV.Sprint1.Task0.V27.Lib", "Tyuiu.BalinVV.Sprint1.Task0.V27.Lib\Tyuiu.BalinVV.Sprint1.Task0.V27.Lib.csproj", "{47817BE7-519E-4D12-8ACC-CDB456C4C274}"
EndProject
Project("{2150E333-8FDC-42A3-9474-1A3956D46DE8}") = "Task0", "Task0", "{02EA681E-C7D8-13C7-8484-4AC65E1B71E8}"
EndProject
Project("{2150E333-8FDC-42A3-9474-1A3956D46DE8}") = "Task1", "Task1", "{F588EBDA-652A-4D98-91AF-1CC72169C596}"
EndProject
Project("{FAE04EC0-301F-11D3-BF4B-00C04F79EFBC}") = "Tyuiu.BalinVV.Sprint1.Task1.V3", "Tyuiu.BalinVV.Sprint1.Task1.V3\Tyuiu.BalinVV.Sprint1.Task1.V3.csproj", "{D35715B7-F8DB-4D58-9A0C-8EC2CE5404CE}"
EndProject
Project("{FAE04EC0-301F-11D3-BF4B-00C04F79EFBC}") = "Tyuiu.BalinVV.Sprint1.Task1.V3.Lib", "Tyuiu.BalinVV.Sprint1.Task1.V3.Lib\Tyuiu.BalinVV.Sprint1.Task1.V3.Lib.csproj", "{2B1A6DA4-DA13-48F9-BA92-DA176A379EF7}"
EndProject
Project("{FAE04EC0-301F-11D3-BF4B-00C04F79EFBC}") = "Tyuiu.BalinVV.Sprint1.Task1.V3.Test", "Tyuiu.BalinVV.Sprint1.Task1.Test\Tyuiu.BalinVV.Sprint1.Task1.V3.Test.csproj", "{A645AC0F-1859-438F-8B78-44D435E48513}"
EndProject
Global
	GlobalSection(SolutionConfigurationPlatforms) = preSolution
		Debug|Any CPU = Debug|Any CPU
		Release|Any CPU = Release|Any CPU
	EndGlobalSection
	GlobalSection(ProjectConfigurationPlatforms) = postSolution
		{6432AEF7-A048-40F2-94BD-05BC42582D15}.Debug|Any CPU.ActiveCfg = Debug|Any CPU
		{6432AEF7-A048-40F2-94BD-05BC42582D15}.Debug|Any CPU.Build.0 = Debug|Any CPU
		{6432AEF7-A048-40F2-94BD-05BC42582D15}.Release|Any CPU.ActiveCfg = Release|Any CPU
		{6432AEF7-A048-40F2-94BD-05BC42582D15}.Release|Any CPU.Build.0 = Release|Any CPU
		{669239BB-293E-4CC0-AD3A-F3A196EA20C8}.Debug|Any CPU.ActiveCfg = Debug|Any CPU
		{669239BB-293E-4CC0-AD3A-F3A196EA20C8}.Debug|Any CPU.Build.0 = Debug|Any CPU
		{669239BB-293E-4CC0-AD3A-F3A196EA20C8}.Release|Any CPU.ActiveCfg = Release|Any CPU
		{669239BB-293E-4CC0-AD3A-F3A196EA20C8}.Release|Any CPU.Build.0 = Release|Any CPU
		{47817BE7-519E-4D12-8ACC-CDB456C4C274}.Debug|Any CPU.ActiveCfg = Debug|Any CPU
		{47817BE7-519E-4D12-8ACC-CDB456C4C274}.Debug|Any CPU.Build.0 = Debug|Any CPU
		{47817BE7-519E-4D12-8ACC-CDB456C4C274}.Release|Any CPU.ActiveCfg = Release|Any CPU
		{47817BE7-519E-4D12-8ACC-CDB456C4C274}.Release|Any CPU.Build.0 = Release|Any CPU
		{D35715B7-F8DB-4D58-9A0C-8EC2CE5404CE}.Debug|Any CPU.ActiveCfg = Debug|Any CPU
		{D35715B7-F8DB-4D58-9A0C-8EC2CE5404CE}.Debug|Any CPU.Build.0 = Debug|Any CPU
		{D35715B7-F8DB-4D58-9A0C-8EC2CE5404CE}.Release|Any CPU.ActiveCfg = Release|Any CPU
		{D35715B7-F8DB-4D58-9A0C-8EC2CE5404CE}.Release|Any CPU.Build.0 = Release|Any CPU
		{2B1A6DA4-DA13-48F9-BA92-DA176A379EF7}.Debug|Any CPU.ActiveCfg = Debug|Any CPU
		{2B1A6DA4-DA13-48F9-BA92-DA176A379EF7}.Debug|Any CPU.Build.0 = Debug|Any CPU
		{2B1A6DA4-DA13-48F9-BA92-DA176A379EF7}.Release|Any CPU.ActiveCfg = Release|Any CPU
		{2B1A6DA4-DA13-48F9-BA92-DA176A379EF7}.Release|Any CPU.Build.0 = Release|Any CPU
		{A645AC0F-1859-438F-8B78-44D435E48513}.Debug|Any CPU.ActiveCfg = Debug|Any CPU
		{A645AC0F-1859-438F-8B78-44D435E48513}.Debug|Any CPU.Build.0 = Debug|Any CPU
		{A645AC0F-1859-438F-8B78-44D435E48513}.Release|Any CPU.ActiveCfg = Release|Any CPU
		{A645AC0F-1859-438F-8B78-44D435E48513}.Release|Any CPU.Build.0 = Release|Any CPU
	EndGlobalSection
	GlobalSection(SolutionProperties) = preSolution
		HideSolutionNode = FALSE
	EndGlobalSection
	GlobalSection(NestedProjects) = preSolution
		{6432AEF7-A048-40F2-94BD-05BC42582D15} = {02EA681E-C7D8-13C7-8484-4AC65E1B71E8}
		{669239BB-293E-4CC0-AD3A-F3A196EA20C8} = {02EA681E-C7D8-13C7-8484-4AC65E1B71E8}
		{47817BE7-519E-4D12-8ACC-CDB456C4C274} = {02EA681E-C7D8-13C7-8484-4AC65E1B71E8}
		{D35715B7-F8DB-4D58-9A0C-8EC2CE5404CE} = {F588EBDA-652A-4D98-91AF-1CC72169C596}
		{2B1A6DA4-DA13-48F9-BA92-DA176A379EF7} = {F588EBDA-652A-4D98-91AF-1CC72169C596}
		{A645AC0F-1859-438F-8B78-44D435E48513} = {F588EBDA-652A-4D98-91AF-1CC72169C596}
	EndGlobalSection
	GlobalSection(ExtensibilityGlobals) = postSolution
		SolutionGuid = {D6272F0D-4988-4BA5-A4B1-F040610345D7}
	EndGlobalSection
EndGlobal
